<Solution>
  <Folder Name="/src/">
    <Project Path="src/Microcks.Aspire/Microcks.Aspire.csproj" />
  </Folder>
  <Folder Name="/tests/">
    <Project Path="tests/Microcks.Aspire.Tests/Microcks.Aspire.Tests.csproj" />
    <Project Path="tests/Microcks.Aspire.Testing/Microcks.Aspire.Testing.csproj" />
  </Folder>
</Solution>